
Microsoft Visual Studio Solution File, Format Version 12.00
# Visual Studio Version 17
VisualStudioVersion = 17.0.31903.59
MinimumVisualStudioVersion = 10.0.40219.1
Project("{FAE04EC0-301F-11D3-BF4B-00C04F79EFBC}") = "SSS.Api", "SSS.Api\SSS.Api.csproj", "{929DD345-573F-45C0-9566-D92B4C3A51A7}"
EndProject
Project("{FAE04EC0-301F-11D3-BF4B-00C04F79EFBC}") = "SSS.Contracts", "SSS.Contracts\SSS.Contracts.csproj", "{3DDAFF2A-D117-4DF7-8557-0A921B6C557C}"
EndProject
Project("{FAE04EC0-301F-11D3-BF4B-00C04F79EFBC}") = "SSS.Application", "SSS.Application\SSS.Application.csproj", "{A3352DBE-4202-4F7A-897C-3BA1FAFB1665}"
EndProject
Project("{FAE04EC0-301F-11D3-BF4B-00C04F79EFBC}") = "SSS.Domain", "SSS.Domain\SSS.Domain.csproj", "{3493A353-13ED-444A-88F1-6CA812D48B93}"
EndProject
Project("{FAE04EC0-301F-11D3-BF4B-00C04F79EFBC}") = "SSS.Infrastructure", "SSS.Infrastructure\SSS.Infrastructure.csproj", "{2E5943D6-8F6C-4C4F-9064-D0F6C333D7BB}"
EndProject
Global
	GlobalSection(SolutionConfigurationPlatforms) = preSolution
		Debug|Any CPU = Debug|Any CPU
		Release|Any CPU = Release|Any CPU
	EndGlobalSection
	GlobalSection(ProjectConfigurationPlatforms) = postSolution
		{929DD345-573F-45C0-9566-D92B4C3A51A7}.Debug|Any CPU.ActiveCfg = Debug|Any CPU
		{929DD345-573F-45C0-9566-D92B4C3A51A7}.Debug|Any CPU.Build.0 = Debug|Any CPU
		{929DD345-573F-45C0-9566-D92B4C3A51A7}.Release|Any CPU.ActiveCfg = Release|Any CPU
		{929DD345-573F-45C0-9566-D92B4C3A51A7}.Release|Any CPU.Build.0 = Release|Any CPU
		{3DDAFF2A-D117-4DF7-8557-0A921B6C557C}.Debug|Any CPU.ActiveCfg = Debug|Any CPU
		{3DDAFF2A-D117-4DF7-8557-0A921B6C557C}.Debug|Any CPU.Build.0 = Debug|Any CPU
		{3DDAFF2A-D117-4DF7-8557-0A921B6C557C}.Release|Any CPU.ActiveCfg = Release|Any CPU
		{3DDAFF2A-D117-4DF7-8557-0A921B6C557C}.Release|Any CPU.Build.0 = Release|Any CPU
		{F50E7B3E-BD2C-4489-AE63-3203D0A5D53D}.Debug|Any CPU.ActiveCfg = Debug|Any CPU
		{F50E7B3E-BD2C-4489-AE63-3203D0A5D53D}.Debug|Any CPU.Build.0 = Debug|Any CPU
		{F50E7B3E-BD2C-4489-AE63-3203D0A5D53D}.Release|Any CPU.ActiveCfg = Release|Any CPU
		{F50E7B3E-BD2C-4489-AE63-3203D0A5D53D}.Release|Any CPU.Build.0 = Release|Any CPU
		{A3352DBE-4202-4F7A-897C-3BA1FAFB1665}.Debug|Any CPU.ActiveCfg = Debug|Any CPU
		{A3352DBE-4202-4F7A-897C-3BA1FAFB1665}.Debug|Any CPU.Build.0 = Debug|Any CPU
		{A3352DBE-4202-4F7A-897C-3BA1FAFB1665}.Release|Any CPU.ActiveCfg = Release|Any CPU
		{A3352DBE-4202-4F7A-897C-3BA1FAFB1665}.Release|Any CPU.Build.0 = Release|Any CPU
		{3493A353-13ED-444A-88F1-6CA812D48B93}.Debug|Any CPU.ActiveCfg = Debug|Any CPU
		{3493A353-13ED-444A-88F1-6CA812D48B93}.Debug|Any CPU.Build.0 = Debug|Any CPU
		{3493A353-13ED-444A-88F1-6CA812D48B93}.Release|Any CPU.ActiveCfg = Release|Any CPU
		{3493A353-13ED-444A-88F1-6CA812D48B93}.Release|Any CPU.Build.0 = Release|Any CPU
		{2E5943D6-8F6C-4C4F-9064-D0F6C333D7BB}.Debug|Any CPU.ActiveCfg = Debug|Any CPU
		{2E5943D6-8F6C-4C4F-9064-D0F6C333D7BB}.Debug|Any CPU.Build.0 = Debug|Any CPU
		{2E5943D6-8F6C-4C4F-9064-D0F6C333D7BB}.Release|Any CPU.ActiveCfg = Release|Any CPU
		{2E5943D6-8F6C-4C4F-9064-D0F6C333D7BB}.Release|Any CPU.Build.0 = Release|Any CPU
	EndGlobalSection
	GlobalSection(SolutionProperties) = preSolution
		HideSolutionNode = FALSE
	EndGlobalSection
EndGlobal
